// !$*UTF8*$!
{
	archiveVersion = 1;
	classes = {
	};
	objectVersion = 46;
	objects = {

/* Begin PBXBuildFile section */
		A1E81DD219C1244300D28ADF /* AppDelegate.swift in Sources */ = {isa = PBXBuildFile; fileRef = A1E81DD119C1244300D28ADF /* AppDelegate.swift */; };
		A1E81DD519C1244300D28ADF /* ApprovalsManagerIdeas.xcdatamodeld in Sources */ = {isa = PBXBuildFile; fileRef = A1E81DD319C1244300D28ADF /* ApprovalsManagerIdeas.xcdatamodeld */; };
		A1E81DD719C1244300D28ADF /* MasterViewController.swift in Sources */ = {isa = PBXBuildFile; fileRef = A1E81DD619C1244300D28ADF /* MasterViewController.swift */; };
		A1E81DD919C1244300D28ADF /* DetailViewController.swift in Sources */ = {isa = PBXBuildFile; fileRef = A1E81DD819C1244300D28ADF /* DetailViewController.swift */; };
		A1E81DDC19C1244300D28ADF /* Main.storyboard in Resources */ = {isa = PBXBuildFile; fileRef = A1E81DDA19C1244300D28ADF /* Main.storyboard */; };
		A1E81DDE19C1244300D28ADF /* Images.xcassets in Resources */ = {isa = PBXBuildFile; fileRef = A1E81DDD19C1244300D28ADF /* Images.xcassets */; };
		A1E81DE119C1244300D28ADF /* LaunchScreen.xib in Resources */ = {isa = PBXBuildFile; fileRef = A1E81DDF19C1244300D28ADF /* LaunchScreen.xib */; };
		A1E81DED19C1244300D28ADF /* ApprovalsManagerIdeasTests.swift in Sources */ = {isa = PBXBuildFile; fileRef = A1E81DEC19C1244300D28ADF /* ApprovalsManagerIdeasTests.swift */; };
/* End PBXBuildFile section */

/* Begin PBXContainerItemProxy section */
		A1E81DE719C1244300D28ADF /* PBXContainerItemProxy */ = {
			isa = PBXContainerItemProxy;
			containerPortal = A1E81DC419C1244300D28ADF /* Project object */;
			proxyType = 1;
			remoteGlobalIDString = A1E81DCB19C1244300D28ADF;
			remoteInfo = ApprovalsManagerIdeas;
		};
/* End PBXContainerItemProxy section */

/* Begin PBXFileReference section */
		A1E81DCC19C1244300D28ADF /* ApprovalsManagerIdeas.app */ = {isa = PBXFileReference; explicitFileType = wrapper.application; includeInIndex = 0; path = ApprovalsManagerIdeas.app; sourceTree = BUILT_PRODUCTS_DIR; };
		A1E81DD019C1244300D28ADF /* Info.plist */ = {isa = PBXFileReference; lastKnownFileType = text.plist.xml; path = Info.plist; sourceTree = "<group>"; };
		A1E81DD119C1244300D28ADF /* AppDelegate.swift */ = {isa = PBXFileReference; lastKnownFileType = sourcecode.swift; path = AppDelegate.swift; sourceTree = "<group>"; };
		A1E81DD419C1244300D28ADF /* ApprovalsManagerIdeas.xcdatamodel */ = {isa = PBXFileReference; lastKnownFileType = wrapper.xcdatamodel; path = ApprovalsManagerIdeas.xcdatamodel; sourceTree = "<group>"; };
		A1E81DD619C1244300D28ADF /* MasterViewController.swift */ = {isa = PBXFileReference; lastKnownFileType = sourcecode.swift; path = MasterViewController.swift; sourceTree = "<group>"; };
		A1E81DD819C1244300D28ADF /* DetailViewController.swift */ = {isa = PBXFileReference; lastKnownFileType = sourcecode.swift; path = DetailViewController.swift; sourceTree = "<group>"; };
		A1E81DDB19C1244300D28ADF /* Base */ = {isa = PBXFileReference; lastKnownFileType = file.storyboard; name = Base; path = Base.lproj/Main.storyboard; sourceTree = "<group>"; };
		A1E81DDD19C1244300D28ADF /* Images.xcassets */ = {isa = PBXFileReference; lastKnownFileType = folder.assetcatalog; path = Images.xcassets; sourceTree = "<group>"; };
		A1E81DE019C1244300D28ADF /* Base */ = {isa = PBXFileReference; lastKnownFileType = file.xib; name = Base; path = Base.lproj/LaunchScreen.xib; sourceTree = "<group>"; };
		A1E81DE619C1244300D28ADF /* ApprovalsManagerIdeasTests.xctest */ = {isa = PBXFileReference; explicitFileType = wrapper.cfbundle; includeInIndex = 0; path = ApprovalsManagerIdeasTests.xctest; sourceTree = BUILT_PRODUCTS_DIR; };
		A1E81DEB19C1244300D28ADF /* Info.plist */ = {isa = PBXFileReference; lastKnownFileType = text.plist.xml; path = Info.plist; sourceTree = "<group>"; };
		A1E81DEC19C1244300D28ADF /* ApprovalsManagerIdeasTests.swift */ = {isa = PBXFileReference; lastKnownFileType = sourcecode.swift; path = ApprovalsManagerIdeasTests.swift; sourceTree = "<group>"; };
/* End PBXFileReference section */

/* Begin PBXFrameworksBuildPhase section */
		A1E81DC919C1244300D28ADF /* Frameworks */ = {
			isa = PBXFrameworksBuildPhase;
			buildActionMask = 2147483647;
			files = (
			);
			runOnlyForDeploymentPostprocessing = 0;
		};
		A1E81DE319C1244300D28ADF /* Frameworks */ = {
			isa = PBXFrameworksBuildPhase;
			buildActionMask = 2147483647;
			files = (
			);
			runOnlyForDeploymentPostprocessing = 0;
		};
/* End PBXFrameworksBuildPhase section */

/* Begin PBXGroup section */
		A1E81DC319C1244300D28ADF = {
			isa = PBXGroup;
			children = (
				A1E81DCE19C1244300D28ADF /* ApprovalsManagerIdeas */,
				A1E81DE919C1244300D28ADF /* ApprovalsManagerIdeasTests */,
				A1E81DCD19C1244300D28ADF /* Products */,
			);
			sourceTree = "<group>";
		};
		A1E81DCD19C1244300D28ADF /* Products */ = {
			isa = PBXGroup;
			children = (
				A1E81DCC19C1244300D28ADF /* ApprovalsManagerIdeas.app */,
				A1E81DE619C1244300D28ADF /* ApprovalsManagerIdeasTests.xctest */,
			);
			name = Products;
			sourceTree = "<group>";
		};
		A1E81DCE19C1244300D28ADF /* ApprovalsManagerIdeas */ = {
			isa = PBXGroup;
			children = (
				A1E81DD119C1244300D28ADF /* AppDelegate.swift */,
				A1E81DD619C1244300D28ADF /* MasterViewController.swift */,
				A1E81DD819C1244300D28ADF /* DetailViewController.swift */,
				A1E81DDA19C1244300D28ADF /* Main.storyboard */,
				A1E81DDD19C1244300D28ADF /* Images.xcassets */,
				A1E81DDF19C1244300D28ADF /* LaunchScreen.xib */,
				A1E81DD319C1244300D28ADF /* ApprovalsManagerIdeas.xcdatamodeld */,
				A1E81DCF19C1244300D28ADF /* Supporting Files */,
			);
			path = ApprovalsManagerIdeas;
			sourceTree = "<group>";
		};
		A1E81DCF19C1244300D28ADF /* Supporting Files */ = {
			isa = PBXGroup;
			children = (
				A1E81DD019C1244300D28ADF /* Info.plist */,
			);
			name = "Supporting Files";
			sourceTree = "<group>";
		};
		A1E81DE919C1244300D28ADF /* ApprovalsManagerIdeasTests */ = {
			isa = PBXGroup;
			children = (
				A1E81DEC19C1244300D28ADF /* ApprovalsManagerIdeasTests.swift */,
				A1E81DEA19C1244300D28ADF /* Supporting Files */,
			);
			path = ApprovalsManagerIdeasTests;
			sourceTree = "<group>";
		};
		A1E81DEA19C1244300D28ADF /* Supporting Files */ = {
			isa = PBXGroup;
			children = (
				A1E81DEB19C1244300D28ADF /* Info.plist */,
			);
			name = "Supporting Files";
			sourceTree = "<group>";
		};
/* End PBXGroup section */

/* Begin PBXNativeTarget section */
		A1E81DCB19C1244300D28ADF /* ApprovalsManagerIdeas */ = {
			isa = PBXNativeTarget;
			buildConfigurationList = A1E81DF019C1244300D28ADF /* Build configuration list for PBXNativeTarget "ApprovalsManagerIdeas" */;
			buildPhases = (
				A1E81DC819C1244300D28ADF /* Sources */,
				A1E81DC919C1244300D28ADF /* Frameworks */,
				A1E81DCA19C1244300D28ADF /* Resources */,
			);
			buildRules = (
			);
			dependencies = (
			);
			name = ApprovalsManagerIdeas;
			productName = ApprovalsManagerIdeas;
			productReference = A1E81DCC19C1244300D28ADF /* ApprovalsManagerIdeas.app */;
			productType = "com.apple.product-type.application";
		};
		A1E81DE519C1244300D28ADF /* ApprovalsManagerIdeasTests */ = {
			isa = PBXNativeTarget;
			buildConfigurationList = A1E81DF319C1244300D28ADF /* Build configuration list for PBXNativeTarget "ApprovalsManagerIdeasTests" */;
			buildPhases = (
				A1E81DE219C1244300D28ADF /* Sources */,
				A1E81DE319C1244300D28ADF /* Frameworks */,
				A1E81DE419C1244300D28ADF /* Resources */,
			);
			buildRules = (
			);
			dependencies = (
				A1E81DE819C1244300D28ADF /* PBXTargetDependency */,
			);
			name = ApprovalsManagerIdeasTests;
			productName = ApprovalsManagerIdeasTests;
			productReference = A1E81DE619C1244300D28ADF /* ApprovalsManagerIdeasTests.xctest */;
			productType = "com.apple.product-type.bundle.unit-test";
		};
/* End PBXNativeTarget section */

/* Begin PBXProject section */
		A1E81DC419C1244300D28ADF /* Project object */ = {
			isa = PBXProject;
			attributes = {
				LastUpgradeCheck = 0600;
				ORGANIZATIONNAME = Ventyx;
				TargetAttributes = {
					A1E81DCB19C1244300D28ADF = {
						CreatedOnToolsVersion = 6.1;
					};
					A1E81DE519C1244300D28ADF = {
						CreatedOnToolsVersion = 6.1;
						TestTargetID = A1E81DCB19C1244300D28ADF;
					};
				};
			};
			buildConfigurationList = A1E81DC719C1244300D28ADF /* Build configuration list for PBXProject "ApprovalsManagerIdeas" */;
			compatibilityVersion = "Xcode 3.2";
			developmentRegion = English;
			hasScannedForEncodings = 0;
			knownRegions = (
				en,
				Base,
			);
			mainGroup = A1E81DC319C1244300D28ADF;
			productRefGroup = A1E81DCD19C1244300D28ADF /* Products */;
			projectDirPath = "";
			projectRoot = "";
			targets = (
				A1E81DCB19C1244300D28ADF /* ApprovalsManagerIdeas */,
				A1E81DE519C1244300D28ADF /* ApprovalsManagerIdeasTests */,
			);
		};
/* End PBXProject section */

/* Begin PBXResourcesBuildPhase section */
		A1E81DCA19C1244300D28ADF /* Resources */ = {
			isa = PBXResourcesBuildPhase;
			buildActionMask = 2147483647;
			files = (
				A1E81DDC19C1244300D28ADF /* Main.storyboard in Resources */,
				A1E81DE119C1244300D28ADF /* LaunchScreen.xib in Resources */,
				A1E81DDE19C1244300D28ADF /* Images.xcassets in Resources */,
			);
			runOnlyForDeploymentPostprocessing = 0;
		};
		A1E81DE419C1244300D28ADF /* Resources */ = {
			isa = PBXResourcesBuildPhase;
			buildActionMask = 2147483647;
			files = (
			);
			runOnlyForDeploymentPostprocessing = 0;
		};
/* End PBXResourcesBuildPhase section */

/* Begin PBXSourcesBuildPhase section */
		A1E81DC819C1244300D28ADF /* Sources */ = {
			isa = PBXSourcesBuildPhase;
			buildActionMask = 2147483647;
			files = (
				A1E81DD219C1244300D28ADF /* AppDelegate.swift in Sources */,
				A1E81DD519C1244300D28ADF /* ApprovalsManagerIdeas.xcdatamodeld in Sources */,
				A1E81DD719C1244300D28ADF /* MasterViewController.swift in Sources */,
				A1E81DD919C1244300D28ADF /* DetailViewController.swift in Sources */,
			);
			runOnlyForDeploymentPostprocessing = 0;
		};
		A1E81DE219C1244300D28ADF /* Sources */ = {
			isa = PBXSourcesBuildPhase;
			buildActionMask = 2147483647;
			files = (
				A1E81DED19C1244300D28ADF /* ApprovalsManagerIdeasTests.swift in Sources */,
			);
			runOnlyForDeploymentPostprocessing = 0;
		};
/* End PBXSourcesBuildPhase section */

/* Begin PBXTargetDependency section */
		A1E81DE819C1244300D28ADF /* PBXTargetDependency */ = {
			isa = PBXTargetDependency;
			target = A1E81DCB19C1244300D28ADF /* ApprovalsManagerIdeas */;
			targetProxy = A1E81DE719C1244300D28ADF /* PBXContainerItemProxy */;
		};
/* End PBXTargetDependency section */

/* Begin PBXVariantGroup section */
		A1E81DDA19C1244300D28ADF /* Main.storyboard */ = {
			isa = PBXVariantGroup;
			children = (
				A1E81DDB19C1244300D28ADF /* Base */,
			);
			name = Main.storyboard;
			sourceTree = "<group>";
		};
		A1E81DDF19C1244300D28ADF /* LaunchScreen.xib */ = {
			isa = PBXVariantGroup;
			children = (
				A1E81DE019C1244300D28ADF /* Base */,
			);
			name = LaunchScreen.xib;
			sourceTree = "<group>";
		};
/* End PBXVariantGroup section */

/* Begin XCBuildConfiguration section */
		A1E81DEE19C1244300D28ADF /* Debug */ = {
			isa = XCBuildConfiguration;
			buildSettings = {
				ALWAYS_SEARCH_USER_PATHS = NO;
				CLANG_CXX_LANGUAGE_STANDARD = "gnu++0x";
				CLANG_CXX_LIBRARY = "libc++";
				CLANG_ENABLE_MODULES = YES;
				CLANG_ENABLE_OBJC_ARC = YES;
				CLANG_WARN_BOOL_CONVERSION = YES;
				CLANG_WARN_CONSTANT_CONVERSION = YES;
				CLANG_WARN_DIRECT_OBJC_ISA_USAGE = YES_ERROR;
				CLANG_WARN_EMPTY_BODY = YES;
				CLANG_WARN_ENUM_CONVERSION = YES;
				CLANG_WARN_INT_CONVERSION = YES;
				CLANG_WARN_OBJC_ROOT_CLASS = YES_ERROR;
				CLANG_WARN_UNREACHABLE_CODE = YES;
				CLANG_WARN__DUPLICATE_METHOD_MATCH = YES;
				"CODE_SIGN_IDENTITY[sdk=iphoneos*]" = "iPhone Developer";
				COPY_PHASE_STRIP = NO;
				ENABLE_STRICT_OBJC_MSGSEND = YES;
				GCC_C_LANGUAGE_STANDARD = gnu99;
				GCC_DYNAMIC_NO_PIC = NO;
				GCC_OPTIMIZATION_LEVEL = 0;
				GCC_PREPROCESSOR_DEFINITIONS = (
					"DEBUG=1",
					"$(inherited)",
				);
				GCC_SYMBOLS_PRIVATE_EXTERN = NO;
				GCC_WARN_64_TO_32_BIT_CONVERSION = YES;
				GCC_WARN_ABOUT_RETURN_TYPE = YES_ERROR;
				GCC_WARN_UNDECLARED_SELECTOR = YES;
				GCC_WARN_UNINITIALIZED_AUTOS = YES_AGGRESSIVE;
				GCC_WARN_UNUSED_FUNCTION = YES;
				GCC_WARN_UNUSED_VARIABLE = YES;
				IPHONEOS_DEPLOYMENT_TARGET = 8.0;
				MTL_ENABLE_DEBUG_INFO = YES;
				ONLY_ACTIVE_ARCH = YES;
				SDKROOT = iphoneos;
				SWIFT_OPTIMIZATION_LEVEL = "-Onone";
				TARGETED_DEVICE_FAMILY = 2;
			};
			name = Debug;
		};
		A1E81DEF19C1244300D28ADF /* Release */ = {
			isa = XCBuildConfiguration;
			buildSettings = {
				ALWAYS_SEARCH_USER_PATHS = NO;
				CLANG_CXX_LANGUAGE_STANDARD = "gnu++0x";
				CLANG_CXX_LIBRARY = "libc++";
				CLANG_ENABLE_MODULES = YES;
				CLANG_ENABLE_OBJC_ARC = YES;
				CLANG_WARN_BOOL_CONVERSION = YES;
				CLANG_WARN_CONSTANT_CONVERSION = YES;
				CLANG_WARN_DIRECT_OBJC_ISA_USAGE = YES_ERROR;
				CLANG_WARN_EMPTY_BODY = YES;
				CLANG_WARN_ENUM_CONVERSION = YES;
				CLANG_WARN_INT_CONVERSION = YES;
				CLANG_WARN_OBJC_ROOT_CLASS = YES_ERROR;
				CLANG_WARN_UNREACHABLE_CODE = YES;
				CLANG_WARN__DUPLICATE_METHOD_MATCH = YES;
				"CODE_SIGN_IDENTITY[sdk=iphoneos*]" = "iPhone Developer";
				COPY_PHASE_STRIP = YES;
				ENABLE_NS_ASSERTIONS = NO;
				ENABLE_STRICT_OBJC_MSGSEND = YES;
				GCC_C_LANGUAGE_STANDARD = gnu99;
				GCC_WARN_64_TO_32_BIT_CONVERSION = YES;
				GCC_WARN_ABOUT_RETURN_TYPE = YES_ERROR;
				GCC_WARN_UNDECLARED_SELECTOR = YES;
				GCC_WARN_UNINITIALIZED_AUTOS = YES_AGGRESSIVE;
				GCC_WARN_UNUSED_FUNCTION = YES;
				GCC_WARN_UNUSED_VARIABLE = YES;
				IPHONEOS_DEPLOYMENT_TARGET = 8.0;
				MTL_ENABLE_DEBUG_INFO = NO;
				SDKROOT = iphoneos;
				TARGETED_DEVICE_FAMILY = 2;
				VALIDATE_PRODUCT = YES;
			};
			name = Release;
		};
		A1E81DF119C1244300D28ADF /* Debug */ = {
			isa = XCBuildConfiguration;
			buildSettings = {
				ASSETCATALOG_COMPILER_APPICON_NAME = AppIcon;
				INFOPLIST_FILE = ApprovalsManagerIdeas/Info.plist;
				LD_RUNPATH_SEARCH_PATHS = "$(inherited) @executable_path/Frameworks";
				PRODUCT_NAME = "$(TARGET_NAME)";
				TARGETED_DEVICE_FAMILY = "1,2";
			};
			name = Debug;
		};
		A1E81DF219C1244300D28ADF /* Release */ = {
			isa = XCBuildConfiguration;
			buildSettings = {
				ASSETCATALOG_COMPILER_APPICON_NAME = AppIcon;
				INFOPLIST_FILE = ApprovalsManagerIdeas/Info.plist;
				LD_RUNPATH_SEARCH_PATHS = "$(inherited) @executable_path/Frameworks";
				PRODUCT_NAME = "$(TARGET_NAME)";
				TARGETED_DEVICE_FAMILY = "1,2";
			};
			name = Release;
		};
		A1E81DF419C1244300D28ADF /* Debug */ = {
			isa = XCBuildConfiguration;
			buildSettings = {
				BUNDLE_LOADER = "$(TEST_HOST)";
				FRAMEWORK_SEARCH_PATHS = (
					"$(SDKROOT)/Developer/Library/Frameworks",
					"$(inherited)",
				);
				GCC_PREPROCESSOR_DEFINITIONS = (
					"DEBUG=1",
					"$(inherited)",
				);
				INFOPLIST_FILE = ApprovalsManagerIdeasTests/Info.plist;
				LD_RUNPATH_SEARCH_PATHS = "$(inherited) @executable_path/Frameworks @loader_path/Frameworks";
				PRODUCT_NAME = "$(TARGET_NAME)";
				TEST_HOST = "$(BUILT_PRODUCTS_DIR)/ApprovalsManagerIdeas.app/ApprovalsManagerIdeas";
			};
			name = Debug;
		};
		A1E81DF519C1244300D28ADF /* Release */ = {
			isa = XCBuildConfiguration;
			buildSettings = {
				BUNDLE_LOADER = "$(TEST_HOST)";
				FRAMEWORK_SEARCH_PATHS = (
					"$(SDKROOT)/Developer/Library/Frameworks",
					"$(inherited)",
				);
				INFOPLIST_FILE = ApprovalsManagerIdeasTests/Info.plist;
				LD_RUNPATH_SEARCH_PATHS = "$(inherited) @executable_path/Frameworks @loader_path/Frameworks";
				PRODUCT_NAME = "$(TARGET_NAME)";
				TEST_HOST = "$(BUILT_PRODUCTS_DIR)/ApprovalsManagerIdeas.app/ApprovalsManagerIdeas";
			};
			name = Release;
		};
/* End XCBuildConfiguration section */

/* Begin XCConfigurationList section */
		A1E81DC719C1244300D28ADF /* Build configuration list for PBXProject "ApprovalsManagerIdeas" */ = {
			isa = XCConfigurationList;
			buildConfigurations = (
				A1E81DEE19C1244300D28ADF /* Debug */,
				A1E81DEF19C1244300D28ADF /* Release */,
			);
			defaultConfigurationIsVisible = 0;
			defaultConfigurationName = Release;
		};
		A1E81DF019C1244300D28ADF /* Build configuration list for PBXNativeTarget "ApprovalsManagerIdeas" */ = {
			isa = XCConfigurationList;
			buildConfigurations = (
				A1E81DF119C1244300D28ADF /* Debug */,
				A1E81DF219C1244300D28ADF /* Release */,
			);
			defaultConfigurationIsVisible = 0;
			defaultConfigurationName = Release;
		};
		A1E81DF319C1244300D28ADF /* Build configuration list for PBXNativeTarget "ApprovalsManagerIdeasTests" */ = {
			isa = XCConfigurationList;
			buildConfigurations = (
				A1E81DF419C1244300D28ADF /* Debug */,
				A1E81DF519C1244300D28ADF /* Release */,
			);
			defaultConfigurationIsVisible = 0;
			defaultConfigurationName = Release;
		};
/* End XCConfigurationList section */

/* Begin XCVersionGroup section */
		A1E81DD319C1244300D28ADF /* ApprovalsManagerIdeas.xcdatamodeld */ = {
			isa = XCVersionGroup;
			children = (
				A1E81DD419C1244300D28ADF /* ApprovalsManagerIdeas.xcdatamodel */,
			);
			currentVersion = A1E81DD419C1244300D28ADF /* ApprovalsManagerIdeas.xcdatamodel */;
			path = ApprovalsManagerIdeas.xcdatamodeld;
			sourceTree = "<group>";
			versionGroupType = wrapper.xcdatamodel;
		};
/* End XCVersionGroup section */
	};
	rootObject = A1E81DC419C1244300D28ADF /* Project object */;
}
